
Microsoft Visual Studio Solution File, Format Version 12.00
# Visual Studio Version 17
VisualStudioVersion = 17.2.32526.322
MinimumVisualStudioVersion = 10.0.40219.1
Project("{FAE04EC0-301F-11D3-BF4B-00C04F79EFBC}") = "ShopApp3", "ShopApp3\ShopApp3.csproj", "{FAD6A668-28C8-49ED-8E89-A95D217B237D}"
EndProject
Global
	GlobalSection(SolutionConfigurationPlatforms) = preSolution
		Debug|Any CPU = Debug|Any CPU
		Release|Any CPU = Release|Any CPU
	EndGlobalSection
	GlobalSection(ProjectConfigurationPlatforms) = postSolution
		{FAD6A668-28C8-49ED-8E89-A95D217B237D}.Debug|Any CPU.ActiveCfg = Debug|Any CPU
		{FAD6A668-28C8-49ED-8E89-A95D217B237D}.Debug|Any CPU.Build.0 = Debug|Any CPU
		{FAD6A668-28C8-49ED-8E89-A95D217B237D}.Release|Any CPU.ActiveCfg = Release|Any CPU
		{FAD6A668-28C8-49ED-8E89-A95D217B237D}.Release|Any CPU.Build.0 = Release|Any CPU
	EndGlobalSection
	GlobalSection(SolutionProperties) = preSolution
		HideSolutionNode = FALSE
	EndGlobalSection
	GlobalSection(ExtensibilityGlobals) = postSolution
		SolutionGuid = {6A0F3EDA-7EF8-4A0A-ADA3-F3E421BA20DF}
	EndGlobalSection
EndGlobal
